
Microsoft Visual Studio Solution File, Format Version 12.00
# Visual Studio Version 17
VisualStudioVersion = 17.2.32630.192
MinimumVisualStudioVersion = 10.0.40219.1
Project("{9A19103F-16F7-4668-BE54-9A1E7A4F7556}") = "ConsoleApp1", "ConsoleApp1\ConsoleApp1.csproj", "{E5F0CDF7-E98D-49E4-9CFB-5EED6F9EE606}"
EndProject
Project("{9A19103F-16F7-4668-BE54-9A1E7A4F7556}") = "ConsoleApp2", "ConsoleApp2\ConsoleApp2.csproj", "{B6C32C38-BA33-4AB9-A66A-95E6B7E97D7E}"
EndProject
Project("{9A19103F-16F7-4668-BE54-9A1E7A4F7556}") = "ConsoleApp3", "ConsoleApp3\ConsoleApp3.csproj", "{6EF75827-83F3-4844-8733-A36F53D92ABF}"
EndProject
Project("{9A19103F-16F7-4668-BE54-9A1E7A4F7556}") = "ConsoleApp4", "ConsoleApp4\ConsoleApp4.csproj", "{3E94FAD1-3A88-4620-9416-1C48C2DB42B7}"
EndProject
Project("{FAE04EC0-301F-11D3-BF4B-00C04F79EFBC}") = "ConsoleApp4_5", "ConsoleApp4.5\ConsoleApp4_5.csproj", "{25C968C2-D18D-4D24-8C01-679A81BE6F9B}"
EndProject
Project("{FAE04EC0-301F-11D3-BF4B-00C04F79EFBC}") = "ExercicioResolvido", "ExercicioResolvido\ExercicioResolvido.csproj", "{3333E813-22E1-469F-9641-1EFF3C627985}"
EndProject
Project("{FAE04EC0-301F-11D3-BF4B-00C04F79EFBC}") = "ExercicioFixacao", "ExercicioFixacao\ExercicioFixacao.csproj", "{9B8A8EDA-980A-418B-8207-219BAD4390FF}"
EndProject
Global
	GlobalSection(SolutionConfigurationPlatforms) = preSolution
		Debug|Any CPU = Debug|Any CPU
		Release|Any CPU = Release|Any CPU
	EndGlobalSection
	GlobalSection(ProjectConfigurationPlatforms) = postSolution
		{E5F0CDF7-E98D-49E4-9CFB-5EED6F9EE606}.Debug|Any CPU.ActiveCfg = Debug|Any CPU
		{E5F0CDF7-E98D-49E4-9CFB-5EED6F9EE606}.Debug|Any CPU.Build.0 = Debug|Any CPU
		{E5F0CDF7-E98D-49E4-9CFB-5EED6F9EE606}.Release|Any CPU.ActiveCfg = Release|Any CPU
		{E5F0CDF7-E98D-49E4-9CFB-5EED6F9EE606}.Release|Any CPU.Build.0 = Release|Any CPU
		{B6C32C38-BA33-4AB9-A66A-95E6B7E97D7E}.Debug|Any CPU.ActiveCfg = Debug|Any CPU
		{B6C32C38-BA33-4AB9-A66A-95E6B7E97D7E}.Debug|Any CPU.Build.0 = Debug|Any CPU
		{B6C32C38-BA33-4AB9-A66A-95E6B7E97D7E}.Release|Any CPU.ActiveCfg = Release|Any CPU
		{B6C32C38-BA33-4AB9-A66A-95E6B7E97D7E}.Release|Any CPU.Build.0 = Release|Any CPU
		{6EF75827-83F3-4844-8733-A36F53D92ABF}.Debug|Any CPU.ActiveCfg = Debug|Any CPU
		{6EF75827-83F3-4844-8733-A36F53D92ABF}.Debug|Any CPU.Build.0 = Debug|Any CPU
		{6EF75827-83F3-4844-8733-A36F53D92ABF}.Release|Any CPU.ActiveCfg = Release|Any CPU
		{6EF75827-83F3-4844-8733-A36F53D92ABF}.Release|Any CPU.Build.0 = Release|Any CPU
		{3E94FAD1-3A88-4620-9416-1C48C2DB42B7}.Debug|Any CPU.ActiveCfg = Debug|Any CPU
		{3E94FAD1-3A88-4620-9416-1C48C2DB42B7}.Debug|Any CPU.Build.0 = Debug|Any CPU
		{3E94FAD1-3A88-4620-9416-1C48C2DB42B7}.Release|Any CPU.ActiveCfg = Release|Any CPU
		{3E94FAD1-3A88-4620-9416-1C48C2DB42B7}.Release|Any CPU.Build.0 = Release|Any CPU
		{25C968C2-D18D-4D24-8C01-679A81BE6F9B}.Debug|Any CPU.ActiveCfg = Debug|Any CPU
		{25C968C2-D18D-4D24-8C01-679A81BE6F9B}.Debug|Any CPU.Build.0 = Debug|Any CPU
		{25C968C2-D18D-4D24-8C01-679A81BE6F9B}.Release|Any CPU.ActiveCfg = Release|Any CPU
		{25C968C2-D18D-4D24-8C01-679A81BE6F9B}.Release|Any CPU.Build.0 = Release|Any CPU
		{3333E813-22E1-469F-9641-1EFF3C627985}.Debug|Any CPU.ActiveCfg = Debug|Any CPU
		{3333E813-22E1-469F-9641-1EFF3C627985}.Debug|Any CPU.Build.0 = Debug|Any CPU
		{3333E813-22E1-469F-9641-1EFF3C627985}.Release|Any CPU.ActiveCfg = Release|Any CPU
		{3333E813-22E1-469F-9641-1EFF3C627985}.Release|Any CPU.Build.0 = Release|Any CPU
		{9B8A8EDA-980A-418B-8207-219BAD4390FF}.Debug|Any CPU.ActiveCfg = Debug|Any CPU
		{9B8A8EDA-980A-418B-8207-219BAD4390FF}.Debug|Any CPU.Build.0 = Debug|Any CPU
		{9B8A8EDA-980A-418B-8207-219BAD4390FF}.Release|Any CPU.ActiveCfg = Release|Any CPU
		{9B8A8EDA-980A-418B-8207-219BAD4390FF}.Release|Any CPU.Build.0 = Release|Any CPU
	EndGlobalSection
	GlobalSection(SolutionProperties) = preSolution
		HideSolutionNode = FALSE
	EndGlobalSection
	GlobalSection(ExtensibilityGlobals) = postSolution
		SolutionGuid = {B0536679-F7FA-42CF-B3BC-8CDB234D01F6}
	EndGlobalSection
EndGlobal
